
Microsoft Visual Studio Solution File, Format Version 12.00
# Visual Studio Version 16
VisualStudioVersion = 16.0.31205.134
MinimumVisualStudioVersion = 10.0.40219.1
Project("{FAE04EC0-301F-11D3-BF4B-00C04F79EFBC}") = "EarthParser", "EarthParser\EarthParser.csproj", "{CBEB059E-0371-445C-8A61-A5B56F1C83EA}"
EndProject
Global
	GlobalSection(SolutionConfigurationPlatforms) = preSolution
		Debug|Any CPU = Debug|Any CPU
		Release|Any CPU = Release|Any CPU
	EndGlobalSection
	GlobalSection(ProjectConfigurationPlatforms) = postSolution
		{CBEB059E-0371-445C-8A61-A5B56F1C83EA}.Debug|Any CPU.ActiveCfg = Debug|Any CPU
		{CBEB059E-0371-445C-8A61-A5B56F1C83EA}.Debug|Any CPU.Build.0 = Debug|Any CPU
		{CBEB059E-0371-445C-8A61-A5B56F1C83EA}.Release|Any CPU.ActiveCfg = Release|Any CPU
		{CBEB059E-0371-445C-8A61-A5B56F1C83EA}.Release|Any CPU.Build.0 = Release|Any CPU
	EndGlobalSection
	GlobalSection(SolutionProperties) = preSolution
		HideSolutionNode = FALSE
	EndGlobalSection
	GlobalSection(ExtensibilityGlobals) = postSolution
		SolutionGuid = {D47CD114-FFC8-4C44-9C53-B38D3345E212}
	EndGlobalSection
EndGlobal
